// !$*UTF8*$!
{
	archiveVersion = 1;
	classes = {
	};
	objectVersion = 56;
	objects = {

/* Begin PBXBuildFile section */
		429C96012CA361AD00EF8823 /* NavigationManager.swift in Sources */ = {isa = PBXBuildFile; fileRef = 429C96002CA361AD00EF8823 /* NavigationManager.swift */; };
		89ABFB7F2B7EC66A00CAF78A /* Minicourse_BrowserApp.swift in Sources */ = {isa = PBXBuildFile; fileRef = 89ABFB7E2B7EC66A00CAF78A /* Minicourse_BrowserApp.swift */; };
		89ABFB812B7EC66A00CAF78A /* RootView.swift in Sources */ = {isa = PBXBuildFile; fileRef = 89ABFB802B7EC66A00CAF78A /* RootView.swift */; };
		89ABFB832B7EC66B00CAF78A /* Assets.xcassets in Resources */ = {isa = PBXBuildFile; fileRef = 89ABFB822B7EC66B00CAF78A /* Assets.xcassets */; };
		89ABFB862B7EC66B00CAF78A /* Preview Assets.xcassets in Resources */ = {isa = PBXBuildFile; fileRef = 89ABFB852B7EC66B00CAF78A /* Preview Assets.xcassets */; };
		89BAA44C2B7EC9ED0053AA95 /* Course.swift in Sources */ = {isa = PBXBuildFile; fileRef = 89BAA44B2B7EC9ED0053AA95 /* Course.swift */; };
		89BAA4512B7ECA210053AA95 /* MockData.swift in Sources */ = {isa = PBXBuildFile; fileRef = 89BAA4502B7ECA210053AA95 /* MockData.swift */; };
		89BAA4562B7ECBFA0053AA95 /* CourseDetailView.swift in Sources */ = {isa = PBXBuildFile; fileRef = 89BAA4552B7ECBFA0053AA95 /* CourseDetailView.swift */; };
		89BAA45A2B7EE9AF0053AA95 /* CoursesViewModel.swift in Sources */ = {isa = PBXBuildFile; fileRef = 89BAA4592B7EE9AF0053AA95 /* CoursesViewModel.swift */; };
/* End PBXBuildFile section */

/* Begin PBXFileReference section */
		429C96002CA361AD00EF8823 /* NavigationManager.swift */ = {isa = PBXFileReference; lastKnownFileType = sourcecode.swift; path = NavigationManager.swift; sourceTree = "<group>"; };
		89ABFB7B2B7EC66A00CAF78A /* Minicourse Browser.app */ = {isa = PBXFileReference; explicitFileType = wrapper.application; includeInIndex = 0; path = "Minicourse Browser.app"; sourceTree = BUILT_PRODUCTS_DIR; };
		89ABFB7E2B7EC66A00CAF78A /* Minicourse_BrowserApp.swift */ = {isa = PBXFileReference; lastKnownFileType = sourcecode.swift; path = Minicourse_BrowserApp.swift; sourceTree = "<group>"; };
		89ABFB802B7EC66A00CAF78A /* RootView.swift */ = {isa = PBXFileReference; lastKnownFileType = sourcecode.swift; path = RootView.swift; sourceTree = "<group>"; };
		89ABFB822B7EC66B00CAF78A /* Assets.xcassets */ = {isa = PBXFileReference; lastKnownFileType = folder.assetcatalog; path = Assets.xcassets; sourceTree = "<group>"; };
		89ABFB852B7EC66B00CAF78A /* Preview Assets.xcassets */ = {isa = PBXFileReference; lastKnownFileType = folder.assetcatalog; path = "Preview Assets.xcassets"; sourceTree = "<group>"; };
		89BAA44B2B7EC9ED0053AA95 /* Course.swift */ = {isa = PBXFileReference; lastKnownFileType = sourcecode.swift; path = Course.swift; sourceTree = "<group>"; };
		89BAA4502B7ECA210053AA95 /* MockData.swift */ = {isa = PBXFileReference; lastKnownFileType = sourcecode.swift; path = MockData.swift; sourceTree = "<group>"; };
		89BAA4542B7ECB730053AA95 /* README.md */ = {isa = PBXFileReference; lastKnownFileType = net.daringfireball.markdown; path = README.md; sourceTree = "<group>"; };
		89BAA4552B7ECBFA0053AA95 /* CourseDetailView.swift */ = {isa = PBXFileReference; lastKnownFileType = sourcecode.swift; path = CourseDetailView.swift; sourceTree = "<group>"; };
		89BAA4592B7EE9AF0053AA95 /* CoursesViewModel.swift */ = {isa = PBXFileReference; lastKnownFileType = sourcecode.swift; path = CoursesViewModel.swift; sourceTree = "<group>"; };
/* End PBXFileReference section */

/* Begin PBXFrameworksBuildPhase section */
		89ABFB782B7EC66A00CAF78A /* Frameworks */ = {
			isa = PBXFrameworksBuildPhase;
			buildActionMask = 2147483647;
			files = (
			);
			runOnlyForDeploymentPostprocessing = 0;
		};
/* End PBXFrameworksBuildPhase section */

/* Begin PBXGroup section */
		89ABFB722B7EC66A00CAF78A = {
			isa = PBXGroup;
			children = (
				89BAA4542B7ECB730053AA95 /* README.md */,
				89ABFB7D2B7EC66A00CAF78A /* Minicourse Browser */,
				89ABFB7C2B7EC66A00CAF78A /* Products */,
			);
			sourceTree = "<group>";
		};
		89ABFB7C2B7EC66A00CAF78A /* Products */ = {
			isa = PBXGroup;
			children = (
				89ABFB7B2B7EC66A00CAF78A /* Minicourse Browser.app */,
			);
			name = Products;
			sourceTree = "<group>";
		};
		89ABFB7D2B7EC66A00CAF78A /* Minicourse Browser */ = {
			isa = PBXGroup;
			children = (
				89ABFB7E2B7EC66A00CAF78A /* Minicourse_BrowserApp.swift */,
				89BAA44D2B7EC9F10053AA95 /* Views */,
				89BAA44E2B7EC9F80053AA95 /* View Models */,
				89BAA44F2B7ECA010053AA95 /* Models */,
				89ABFB822B7EC66B00CAF78A /* Assets.xcassets */,
				89ABFB842B7EC66B00CAF78A /* Preview Content */,
			);
			path = "Minicourse Browser";
			sourceTree = "<group>";
		};
		89ABFB842B7EC66B00CAF78A /* Preview Content */ = {
			isa = PBXGroup;
			children = (
				89ABFB852B7EC66B00CAF78A /* Preview Assets.xcassets */,
			);
			path = "Preview Content";
			sourceTree = "<group>";
		};
		89BAA44D2B7EC9F10053AA95 /* Views */ = {
			isa = PBXGroup;
			children = (
				89ABFB802B7EC66A00CAF78A /* RootView.swift */,
				89BAA4552B7ECBFA0053AA95 /* CourseDetailView.swift */,
			);
			path = Views;
			sourceTree = "<group>";
		};
		89BAA44E2B7EC9F80053AA95 /* View Models */ = {
			isa = PBXGroup;
			children = (
				89BAA4592B7EE9AF0053AA95 /* CoursesViewModel.swift */,
				429C96002CA361AD00EF8823 /* NavigationManager.swift */,
			);
			path = "View Models";
			sourceTree = "<group>";
		};
		89BAA44F2B7ECA010053AA95 /* Models */ = {
			isa = PBXGroup;
			children = (
				89BAA44B2B7EC9ED0053AA95 /* Course.swift */,
				89BAA4502B7ECA210053AA95 /* MockData.swift */,
			);
			path = Models;
			sourceTree = "<group>";
		};
/* End PBXGroup section */

/* Begin PBXNativeTarget section */
		89ABFB7A2B7EC66A00CAF78A /* Minicourse Browser */ = {
			isa = PBXNativeTarget;
			buildConfigurationList = 89ABFB892B7EC66B00CAF78A /* Build configuration list for PBXNativeTarget "Minicourse Browser" */;
			buildPhases = (
				89ABFB772B7EC66A00CAF78A /* Sources */,
				89ABFB782B7EC66A00CAF78A /* Frameworks */,
				89ABFB792B7EC66A00CAF78A /* Resources */,
			);
			buildRules = (
			);
			dependencies = (
			);
			name = "Minicourse Browser";
			productName = "Minicourse Browser";
			productReference = 89ABFB7B2B7EC66A00CAF78A /* Minicourse Browser.app */;
			productType = "com.apple.product-type.application";
		};
/* End PBXNativeTarget section */

/* Begin PBXProject section */
		89ABFB732B7EC66A00CAF78A /* Project object */ = {
			isa = PBXProject;
			attributes = {
				BuildIndependentTargetsInParallel = 1;
				LastSwiftUpdateCheck = 1520;
				LastUpgradeCheck = 1520;
				TargetAttributes = {
					89ABFB7A2B7EC66A00CAF78A = {
						CreatedOnToolsVersion = 15.2;
					};
				};
			};
			buildConfigurationList = 89ABFB762B7EC66A00CAF78A /* Build configuration list for PBXProject "Minicourse Browser" */;
			compatibilityVersion = "Xcode 14.0";
			developmentRegion = en;
			hasScannedForEncodings = 0;
			knownRegions = (
				en,
				Base,
			);
			mainGroup = 89ABFB722B7EC66A00CAF78A;
			productRefGroup = 89ABFB7C2B7EC66A00CAF78A /* Products */;
			projectDirPath = "";
			projectRoot = "";
			targets = (
				89ABFB7A2B7EC66A00CAF78A /* Minicourse Browser */,
			);
		};
/* End PBXProject section */

/* Begin PBXResourcesBuildPhase section */
		89ABFB792B7EC66A00CAF78A /* Resources */ = {
			isa = PBXResourcesBuildPhase;
			buildActionMask = 2147483647;
			files = (
				89ABFB862B7EC66B00CAF78A /* Preview Assets.xcassets in Resources */,
				89ABFB832B7EC66B00CAF78A /* Assets.xcassets in Resources */,
			);
			runOnlyForDeploymentPostprocessing = 0;
		};
/* End PBXResourcesBuildPhase section */

/* Begin PBXSourcesBuildPhase section */
		89ABFB772B7EC66A00CAF78A /* Sources */ = {
			isa = PBXSourcesBuildPhase;
			buildActionMask = 2147483647;
			files = (
				89BAA4562B7ECBFA0053AA95 /* CourseDetailView.swift in Sources */,
				429C96012CA361AD00EF8823 /* NavigationManager.swift in Sources */,
				89BAA44C2B7EC9ED0053AA95 /* Course.swift in Sources */,
				89ABFB812B7EC66A00CAF78A /* RootView.swift in Sources */,
				89BAA45A2B7EE9AF0053AA95 /* CoursesViewModel.swift in Sources */,
				89ABFB7F2B7EC66A00CAF78A /* Minicourse_BrowserApp.swift in Sources */,
				89BAA4512B7ECA210053AA95 /* MockData.swift in Sources */,
			);
			runOnlyForDeploymentPostprocessing = 0;
		};
/* End PBXSourcesBuildPhase section */

/* Begin XCBuildConfiguration section */
		89ABFB872B7EC66B00CAF78A /* Debug */ = {
			isa = XCBuildConfiguration;
			buildSettings = {
				ALWAYS_SEARCH_USER_PATHS = NO;
				ASSETCATALOG_COMPILER_GENERATE_SWIFT_ASSET_SYMBOL_EXTENSIONS = YES;
				CLANG_ANALYZER_NONNULL = YES;
				CLANG_ANALYZER_NUMBER_OBJECT_CONVERSION = YES_AGGRESSIVE;
				CLANG_CXX_LANGUAGE_STANDARD = "gnu++20";
				CLANG_ENABLE_MODULES = YES;
				CLANG_ENABLE_OBJC_ARC = YES;
				CLANG_ENABLE_OBJC_WEAK = YES;
				CLANG_WARN_BLOCK_CAPTURE_AUTORELEASING = YES;
				CLANG_WARN_BOOL_CONVERSION = YES;
				CLANG_WARN_COMMA = YES;
				CLANG_WARN_CONSTANT_CONVERSION = YES;
				CLANG_WARN_DEPRECATED_OBJC_IMPLEMENTATIONS = YES;
				CLANG_WARN_DIRECT_OBJC_ISA_USAGE = YES_ERROR;
				CLANG_WARN_DOCUMENTATION_COMMENTS = YES;
				CLANG_WARN_EMPTY_BODY = YES;
				CLANG_WARN_ENUM_CONVERSION = YES;
				CLANG_WARN_INFINITE_RECURSION = YES;
				CLANG_WARN_INT_CONVERSION = YES;
				CLANG_WARN_NON_LITERAL_NULL_CONVERSION = YES;
				CLANG_WARN_OBJC_IMPLICIT_RETAIN_SELF = YES;
				CLANG_WARN_OBJC_LITERAL_CONVERSION = YES;
				CLANG_WARN_OBJC_ROOT_CLASS = YES_ERROR;
				CLANG_WARN_QUOTED_INCLUDE_IN_FRAMEWORK_HEADER = YES;
				CLANG_WARN_RANGE_LOOP_ANALYSIS = YES;
				CLANG_WARN_STRICT_PROTOTYPES = YES;
				CLANG_WARN_SUSPICIOUS_MOVE = YES;
				CLANG_WARN_UNGUARDED_AVAILABILITY = YES_AGGRESSIVE;
				CLANG_WARN_UNREACHABLE_CODE = YES;
				CLANG_WARN__DUPLICATE_METHOD_MATCH = YES;
				COPY_PHASE_STRIP = NO;
				DEBUG_INFORMATION_FORMAT = dwarf;
				ENABLE_STRICT_OBJC_MSGSEND = YES;
				ENABLE_TESTABILITY = YES;
				ENABLE_USER_SCRIPT_SANDBOXING = YES;
				GCC_C_LANGUAGE_STANDARD = gnu17;
				GCC_DYNAMIC_NO_PIC = NO;
				GCC_NO_COMMON_BLOCKS = YES;
				GCC_OPTIMIZATION_LEVEL = 0;
				GCC_PREPROCESSOR_DEFINITIONS = (
					"DEBUG=1",
					"$(inherited)",
				);
				GCC_WARN_64_TO_32_BIT_CONVERSION = YES;
				GCC_WARN_ABOUT_RETURN_TYPE = YES_ERROR;
				GCC_WARN_UNDECLARED_SELECTOR = YES;
				GCC_WARN_UNINITIALIZED_AUTOS = YES_AGGRESSIVE;
				GCC_WARN_UNUSED_FUNCTION = YES;
				GCC_WARN_UNUSED_VARIABLE = YES;
				IPHONEOS_DEPLOYMENT_TARGET = 17.2;
				LOCALIZATION_PREFERS_STRING_CATALOGS = YES;
				MTL_ENABLE_DEBUG_INFO = INCLUDE_SOURCE;
				MTL_FAST_MATH = YES;
				ONLY_ACTIVE_ARCH = YES;
				SDKROOT = iphoneos;
				SWIFT_ACTIVE_COMPILATION_CONDITIONS = "DEBUG $(inherited)";
				SWIFT_OPTIMIZATION_LEVEL = "-Onone";
			};
			name = Debug;
		};
		89ABFB882B7EC66B00CAF78A /* Release */ = {
			isa = XCBuildConfiguration;
			buildSettings = {
				ALWAYS_SEARCH_USER_PATHS = NO;
				ASSETCATALOG_COMPILER_GENERATE_SWIFT_ASSET_SYMBOL_EXTENSIONS = YES;
				CLANG_ANALYZER_NONNULL = YES;
				CLANG_ANALYZER_NUMBER_OBJECT_CONVERSION = YES_AGGRESSIVE;
				CLANG_CXX_LANGUAGE_STANDARD = "gnu++20";
				CLANG_ENABLE_MODULES = YES;
				CLANG_ENABLE_OBJC_ARC = YES;
				CLANG_ENABLE_OBJC_WEAK = YES;
				CLANG_WARN_BLOCK_CAPTURE_AUTORELEASING = YES;
				CLANG_WARN_BOOL_CONVERSION = YES;
				CLANG_WARN_COMMA = YES;
				CLANG_WARN_CONSTANT_CONVERSION = YES;
				CLANG_WARN_DEPRECATED_OBJC_IMPLEMENTATIONS = YES;
				CLANG_WARN_DIRECT_OBJC_ISA_USAGE = YES_ERROR;
				CLANG_WARN_DOCUMENTATION_COMMENTS = YES;
				CLANG_WARN_EMPTY_BODY = YES;
				CLANG_WARN_ENUM_CONVERSION = YES;
				CLANG_WARN_INFINITE_RECURSION = YES;
				CLANG_WARN_INT_CONVERSION = YES;
				CLANG_WARN_NON_LITERAL_NULL_CONVERSION = YES;
				CLANG_WARN_OBJC_IMPLICIT_RETAIN_SELF = YES;
				CLANG_WARN_OBJC_LITERAL_CONVERSION = YES;
				CLANG_WARN_OBJC_ROOT_CLASS = YES_ERROR;
				CLANG_WARN_QUOTED_INCLUDE_IN_FRAMEWORK_HEADER = YES;
				CLANG_WARN_RANGE_LOOP_ANALYSIS = YES;
				CLANG_WARN_STRICT_PROTOTYPES = YES;
				CLANG_WARN_SUSPICIOUS_MOVE = YES;
				CLANG_WARN_UNGUARDED_AVAILABILITY = YES_AGGRESSIVE;
				CLANG_WARN_UNREACHABLE_CODE = YES;
				CLANG_WARN__DUPLICATE_METHOD_MATCH = YES;
				COPY_PHASE_STRIP = NO;
				DEBUG_INFORMATION_FORMAT = "dwarf-with-dsym";
				ENABLE_NS_ASSERTIONS = NO;
				ENABLE_STRICT_OBJC_MSGSEND = YES;
				ENABLE_USER_SCRIPT_SANDBOXING = YES;
				GCC_C_LANGUAGE_STANDARD = gnu17;
				GCC_NO_COMMON_BLOCKS = YES;
				GCC_WARN_64_TO_32_BIT_CONVERSION = YES;
				GCC_WARN_ABOUT_RETURN_TYPE = YES_ERROR;
				GCC_WARN_UNDECLARED_SELECTOR = YES;
				GCC_WARN_UNINITIALIZED_AUTOS = YES_AGGRESSIVE;
				GCC_WARN_UNUSED_FUNCTION = YES;
				GCC_WARN_UNUSED_VARIABLE = YES;
				IPHONEOS_DEPLOYMENT_TARGET = 17.2;
				LOCALIZATION_PREFERS_STRING_CATALOGS = YES;
				MTL_ENABLE_DEBUG_INFO = NO;
				MTL_FAST_MATH = YES;
				SDKROOT = iphoneos;
				SWIFT_COMPILATION_MODE = wholemodule;
				VALIDATE_PRODUCT = YES;
			};
			name = Release;
		};
		89ABFB8A2B7EC66B00CAF78A /* Debug */ = {
			isa = XCBuildConfiguration;
			buildSettings = {
				ASSETCATALOG_COMPILER_APPICON_NAME = AppIcon;
				ASSETCATALOG_COMPILER_GLOBAL_ACCENT_COLOR_NAME = AccentColor;
				CODE_SIGN_STYLE = Automatic;
				CURRENT_PROJECT_VERSION = 1;
				DEVELOPMENT_ASSET_PATHS = "\"Minicourse Browser/Preview Content\"";
				ENABLE_PREVIEWS = YES;
				GENERATE_INFOPLIST_FILE = YES;
				INFOPLIST_KEY_UIApplicationSceneManifest_Generation = YES;
				INFOPLIST_KEY_UIApplicationSupportsIndirectInputEvents = YES;
				INFOPLIST_KEY_UILaunchScreen_Generation = YES;
				INFOPLIST_KEY_UISupportedInterfaceOrientations_iPad = "UIInterfaceOrientationPortrait UIInterfaceOrientationPortraitUpsideDown UIInterfaceOrientationLandscapeLeft UIInterfaceOrientationLandscapeRight";
				INFOPLIST_KEY_UISupportedInterfaceOrientations_iPhone = "UIInterfaceOrientationPortrait UIInterfaceOrientationLandscapeLeft UIInterfaceOrientationLandscapeRight";
				LD_RUNPATH_SEARCH_PATHS = (
					"$(inherited)",
					"@executable_path/Frameworks",
				);
				MARKETING_VERSION = 1.0;
				PRODUCT_BUNDLE_IDENTIFIER = "edu.upenn.seas.cis1951.Minicourse-Browser";
				PRODUCT_NAME = "$(TARGET_NAME)";
				SWIFT_EMIT_LOC_STRINGS = YES;
				SWIFT_VERSION = 5.0;
				TARGETED_DEVICE_FAMILY = "1,2";
			};
			name = Debug;
		};
		89ABFB8B2B7EC66B00CAF78A /* Release */ = {
			isa = XCBuildConfiguration;
			buildSettings = {
				ASSETCATALOG_COMPILER_APPICON_NAME = AppIcon;
				ASSETCATALOG_COMPILER_GLOBAL_ACCENT_COLOR_NAME = AccentColor;
				CODE_SIGN_STYLE = Automatic;
				CURRENT_PROJECT_VERSION = 1;
				DEVELOPMENT_ASSET_PATHS = "\"Minicourse Browser/Preview Content\"";
				ENABLE_PREVIEWS = YES;
				GENERATE_INFOPLIST_FILE = YES;
				INFOPLIST_KEY_UIApplicationSceneManifest_Generation = YES;
				INFOPLIST_KEY_UIApplicationSupportsIndirectInputEvents = YES;
				INFOPLIST_KEY_UILaunchScreen_Generation = YES;
				INFOPLIST_KEY_UISupportedInterfaceOrientations_iPad = "UIInterfaceOrientationPortrait UIInterfaceOrientationPortraitUpsideDown UIInterfaceOrientationLandscapeLeft UIInterfaceOrientationLandscapeRight";
				INFOPLIST_KEY_UISupportedInterfaceOrientations_iPhone = "UIInterfaceOrientationPortrait UIInterfaceOrientationLandscapeLeft UIInterfaceOrientationLandscapeRight";
				LD_RUNPATH_SEARCH_PATHS = (
					"$(inherited)",
					"@executable_path/Frameworks",
				);
				MARKETING_VERSION = 1.0;
				PRODUCT_BUNDLE_IDENTIFIER = "edu.upenn.seas.cis1951.Minicourse-Browser";
				PRODUCT_NAME = "$(TARGET_NAME)";
				SWIFT_EMIT_LOC_STRINGS = YES;
				SWIFT_VERSION = 5.0;
				TARGETED_DEVICE_FAMILY = "1,2";
			};
			name = Release;
		};
/* End XCBuildConfiguration section */

/* Begin XCConfigurationList section */
		89ABFB762B7EC66A00CAF78A /* Build configuration list for PBXProject "Minicourse Browser" */ = {
			isa = XCConfigurationList;
			buildConfigurations = (
				89ABFB872B7EC66B00CAF78A /* Debug */,
				89ABFB882B7EC66B00CAF78A /* Release */,
			);
			defaultConfigurationIsVisible = 0;
			defaultConfigurationName = Release;
		};
		89ABFB892B7EC66B00CAF78A /* Build configuration list for PBXNativeTarget "Minicourse Browser" */ = {
			isa = XCConfigurationList;
			buildConfigurations = (
				89ABFB8A2B7EC66B00CAF78A /* Debug */,
				89ABFB8B2B7EC66B00CAF78A /* Release */,
			);
			defaultConfigurationIsVisible = 0;
			defaultConfigurationName = Release;
		};
/* End XCConfigurationList section */
	};
	rootObject = 89ABFB732B7EC66A00CAF78A /* Project object */;
}
